{
  "name": "trimfandango",
  "version": "1.2.0",
  "lockfileVersion": 2,
  "requires": true,
  "packages": {
    "": {
      "version": "1.2.0",
      "license": "MIT",
      "dependencies": {
        "vaccinatejs": "^1.0.1"
      }
    },
    "node_modules/vaccinatejs": {
      "version": "1.0.1",
      "resolved": "https://registry.npmjs.org/vaccinatejs/-/vaccinatejs-1.0.1.tgz",
      "integrity": "sha512-qOSHWnQuKe7dRG+NJAuRJ27/8yWgx1eX/A+qFczik40Ixhle2m15ngqHOnudJd4H2CnP6gy/I5hTNi9aiSXWcw=="
    }
  },
  "dependencies": {
    "vaccinatejs": {
      "version": "1.0.1",
      "resolved": "https://registry.npmjs.org/vaccinatejs/-/vaccinatejs-1.0.1.tgz",
      "integrity": "sha512-qOSHWnQuKe7dRG+NJAuRJ27/8yWgx1eX/A+qFczik40Ixhle2m15ngqHOnudJd4H2CnP6gy/I5hTNi9aiSXWcw=="
    }
  }
}
